
Microsoft Visual Studio Solution File, Format Version 12.00
# Visual Studio Version 17
VisualStudioVersion = 17.0.31903.59
MinimumVisualStudioVersion = 10.0.40219.1
Project("{2150E333-8FDC-42A3-9474-1A3956D46DE8}") = "src", "src", "{418EFCAD-9EE6-409D-A08F-FCD8094CBCB9}"
	ProjectSection(SolutionItems) = preProject
		comment.txt = comment.txt
	EndProjectSection
EndProject
Project("{2150E333-8FDC-42A3-9474-1A3956D46DE8}") = "core", "core", "{E194A189-46A7-44A9-9F9D-A4DAABBE17EB}"
EndProject
Project("{9A19103F-16F7-4668-BE54-9A1E7A4F7556}") = "Contact.Management.Domain", "Contact.Management.Domain\Contact.Management.Domain.csproj", "{D0FE6147-1CF2-4DCC-A766-2DFAE5797171}"
EndProject
Project("{9A19103F-16F7-4668-BE54-9A1E7A4F7556}") = "Contact.Management.Appliaction", "Contact.Management.Appliaction\Contact.Management.Appliaction.csproj", "{6D72D36B-81DD-498F-9209-71192BFFBEE5}"
EndProject
Project("{2150E333-8FDC-42A3-9474-1A3956D46DE8}") = "Infrastructure", "Infrastructure", "{15959F04-EBA5-4A08-8EEB-8802FF41BCAC}"
EndProject
Project("{9A19103F-16F7-4668-BE54-9A1E7A4F7556}") = "Contact.Management.Persistence", "Contact.Management.Persistence\Contact.Management.Persistence.csproj", "{FF2F29C5-CC8B-4FD0-82AF-83B62C1E9577}"
EndProject
Project("{9A19103F-16F7-4668-BE54-9A1E7A4F7556}") = "Contact.Management.Infrastructure", "Contact.Management.Infrastructure\Contact.Management.Infrastructure.csproj", "{9C363295-39EA-4060-9F44-F677E5C505DB}"
EndProject
Project("{2150E333-8FDC-42A3-9474-1A3956D46DE8}") = "Api", "Api", "{79096247-48BD-4259-AC24-AE4E5E99A415}"
EndProject
Project("{9A19103F-16F7-4668-BE54-9A1E7A4F7556}") = "Contact.Management.Api", "Contact.Management.Api\Contact.Management.Api.csproj", "{59BE1EF1-75B8-4B99-8B05-899A5A809EB2}"
EndProject
Project("{2150E333-8FDC-42A3-9474-1A3956D46DE8}") = "UI", "UI", "{DCBA9DDA-C37A-4DE8-AB0D-D63809F90D9D}"
EndProject
Project("{9A19103F-16F7-4668-BE54-9A1E7A4F7556}") = "Contact.Managment.Blazor.Server", "Contact.Managment.Blazor\Server\Contact.Managment.Blazor.Server.csproj", "{D129BCFD-6C6E-41DF-AD33-559F1A44B7B7}"
EndProject
Project("{9A19103F-16F7-4668-BE54-9A1E7A4F7556}") = "Contact.Managment.Blazor.Client", "Contact.Managment.Blazor\Client\Contact.Managment.Blazor.Client.csproj", "{870411E7-4C3F-4A80-A67D-C11883B9A269}"
EndProject
Project("{9A19103F-16F7-4668-BE54-9A1E7A4F7556}") = "Contact.Managment.Blazor.Shared", "Contact.Managment.Blazor\Shared\Contact.Managment.Blazor.Shared.csproj", "{7B65301D-D21F-4C3F-BE19-270BC6E77159}"
EndProject
Project("{2150E333-8FDC-42A3-9474-1A3956D46DE8}") = "test", "test", "{F59554F5-F97C-4BEF-B281-4DDB179C4385}"
EndProject
Project("{9A19103F-16F7-4668-BE54-9A1E7A4F7556}") = "Contact.Managment.Application.UnitTest", "Contact.Managment.Application.UnitTest\Contact.Managment.Application.UnitTest.csproj", "{F8022D1A-BA93-4C5D-BF05-C8F963B23EA7}"
EndProject
Project("{9A19103F-16F7-4668-BE54-9A1E7A4F7556}") = "Contact.Managment.MVC", "Contact.Managment.MVC\Contact.Managment.MVC.csproj", "{ED0C6EA4-D793-4918-9F08-45775A076191}"
EndProject
Project("{9A19103F-16F7-4668-BE54-9A1E7A4F7556}") = "Contact.Management.Identity5", "Contact.Management.Identity5\Contact.Management.Identity5.csproj", "{172151C5-6770-4AE8-A75F-B089A4CC4478}"
EndProject
Project("{9A19103F-16F7-4668-BE54-9A1E7A4F7556}") = "Domain.UnitTests", "tests\Domain.UnitTests\Domain.UnitTests.csproj", "{703CB4C6-D099-40F3-82B5-C6CB11EA1B09}"
EndProject
Global
	GlobalSection(SolutionConfigurationPlatforms) = preSolution
		Debug|Any CPU = Debug|Any CPU
		Release|Any CPU = Release|Any CPU
	EndGlobalSection
	GlobalSection(ProjectConfigurationPlatforms) = postSolution
		{D0FE6147-1CF2-4DCC-A766-2DFAE5797171}.Debug|Any CPU.ActiveCfg = Debug|Any CPU
		{D0FE6147-1CF2-4DCC-A766-2DFAE5797171}.Debug|Any CPU.Build.0 = Debug|Any CPU
		{D0FE6147-1CF2-4DCC-A766-2DFAE5797171}.Release|Any CPU.ActiveCfg = Release|Any CPU
		{D0FE6147-1CF2-4DCC-A766-2DFAE5797171}.Release|Any CPU.Build.0 = Release|Any CPU
		{6D72D36B-81DD-498F-9209-71192BFFBEE5}.Debug|Any CPU.ActiveCfg = Debug|Any CPU
		{6D72D36B-81DD-498F-9209-71192BFFBEE5}.Debug|Any CPU.Build.0 = Debug|Any CPU
		{6D72D36B-81DD-498F-9209-71192BFFBEE5}.Release|Any CPU.ActiveCfg = Release|Any CPU
		{6D72D36B-81DD-498F-9209-71192BFFBEE5}.Release|Any CPU.Build.0 = Release|Any CPU
		{FF2F29C5-CC8B-4FD0-82AF-83B62C1E9577}.Debug|Any CPU.ActiveCfg = Debug|Any CPU
		{FF2F29C5-CC8B-4FD0-82AF-83B62C1E9577}.Debug|Any CPU.Build.0 = Debug|Any CPU
		{FF2F29C5-CC8B-4FD0-82AF-83B62C1E9577}.Release|Any CPU.ActiveCfg = Release|Any CPU
		{FF2F29C5-CC8B-4FD0-82AF-83B62C1E9577}.Release|Any CPU.Build.0 = Release|Any CPU
		{9C363295-39EA-4060-9F44-F677E5C505DB}.Debug|Any CPU.ActiveCfg = Debug|Any CPU
		{9C363295-39EA-4060-9F44-F677E5C505DB}.Debug|Any CPU.Build.0 = Debug|Any CPU
		{9C363295-39EA-4060-9F44-F677E5C505DB}.Release|Any CPU.ActiveCfg = Release|Any CPU
		{9C363295-39EA-4060-9F44-F677E5C505DB}.Release|Any CPU.Build.0 = Release|Any CPU
		{59BE1EF1-75B8-4B99-8B05-899A5A809EB2}.Debug|Any CPU.ActiveCfg = Debug|Any CPU
		{59BE1EF1-75B8-4B99-8B05-899A5A809EB2}.Debug|Any CPU.Build.0 = Debug|Any CPU
		{59BE1EF1-75B8-4B99-8B05-899A5A809EB2}.Release|Any CPU.ActiveCfg = Release|Any CPU
		{59BE1EF1-75B8-4B99-8B05-899A5A809EB2}.Release|Any CPU.Build.0 = Release|Any CPU
		{D129BCFD-6C6E-41DF-AD33-559F1A44B7B7}.Debug|Any CPU.ActiveCfg = Debug|Any CPU
		{D129BCFD-6C6E-41DF-AD33-559F1A44B7B7}.Debug|Any CPU.Build.0 = Debug|Any CPU
		{D129BCFD-6C6E-41DF-AD33-559F1A44B7B7}.Release|Any CPU.ActiveCfg = Release|Any CPU
		{D129BCFD-6C6E-41DF-AD33-559F1A44B7B7}.Release|Any CPU.Build.0 = Release|Any CPU
		{870411E7-4C3F-4A80-A67D-C11883B9A269}.Debug|Any CPU.ActiveCfg = Debug|Any CPU
		{870411E7-4C3F-4A80-A67D-C11883B9A269}.Debug|Any CPU.Build.0 = Debug|Any CPU
		{870411E7-4C3F-4A80-A67D-C11883B9A269}.Release|Any CPU.ActiveCfg = Release|Any CPU
		{870411E7-4C3F-4A80-A67D-C11883B9A269}.Release|Any CPU.Build.0 = Release|Any CPU
		{7B65301D-D21F-4C3F-BE19-270BC6E77159}.Debug|Any CPU.ActiveCfg = Debug|Any CPU
		{7B65301D-D21F-4C3F-BE19-270BC6E77159}.Debug|Any CPU.Build.0 = Debug|Any CPU
		{7B65301D-D21F-4C3F-BE19-270BC6E77159}.Release|Any CPU.ActiveCfg = Release|Any CPU
		{7B65301D-D21F-4C3F-BE19-270BC6E77159}.Release|Any CPU.Build.0 = Release|Any CPU
		{F8022D1A-BA93-4C5D-BF05-C8F963B23EA7}.Debug|Any CPU.ActiveCfg = Debug|Any CPU
		{F8022D1A-BA93-4C5D-BF05-C8F963B23EA7}.Debug|Any CPU.Build.0 = Debug|Any CPU
		{F8022D1A-BA93-4C5D-BF05-C8F963B23EA7}.Release|Any CPU.ActiveCfg = Release|Any CPU
		{F8022D1A-BA93-4C5D-BF05-C8F963B23EA7}.Release|Any CPU.Build.0 = Release|Any CPU
		{ED0C6EA4-D793-4918-9F08-45775A076191}.Debug|Any CPU.ActiveCfg = Debug|Any CPU
		{ED0C6EA4-D793-4918-9F08-45775A076191}.Debug|Any CPU.Build.0 = Debug|Any CPU
		{ED0C6EA4-D793-4918-9F08-45775A076191}.Release|Any CPU.ActiveCfg = Release|Any CPU
		{ED0C6EA4-D793-4918-9F08-45775A076191}.Release|Any CPU.Build.0 = Release|Any CPU
		{172151C5-6770-4AE8-A75F-B089A4CC4478}.Debug|Any CPU.ActiveCfg = Debug|Any CPU
		{172151C5-6770-4AE8-A75F-B089A4CC4478}.Debug|Any CPU.Build.0 = Debug|Any CPU
		{172151C5-6770-4AE8-A75F-B089A4CC4478}.Release|Any CPU.ActiveCfg = Release|Any CPU
		{172151C5-6770-4AE8-A75F-B089A4CC4478}.Release|Any CPU.Build.0 = Release|Any CPU
		{703CB4C6-D099-40F3-82B5-C6CB11EA1B09}.Debug|Any CPU.ActiveCfg = Debug|Any CPU
		{703CB4C6-D099-40F3-82B5-C6CB11EA1B09}.Debug|Any CPU.Build.0 = Debug|Any CPU
		{703CB4C6-D099-40F3-82B5-C6CB11EA1B09}.Release|Any CPU.ActiveCfg = Release|Any CPU
		{703CB4C6-D099-40F3-82B5-C6CB11EA1B09}.Release|Any CPU.Build.0 = Release|Any CPU
	EndGlobalSection
	GlobalSection(SolutionProperties) = preSolution
		HideSolutionNode = FALSE
	EndGlobalSection
	GlobalSection(NestedProjects) = preSolution
		{E194A189-46A7-44A9-9F9D-A4DAABBE17EB} = {418EFCAD-9EE6-409D-A08F-FCD8094CBCB9}
		{D0FE6147-1CF2-4DCC-A766-2DFAE5797171} = {E194A189-46A7-44A9-9F9D-A4DAABBE17EB}
		{6D72D36B-81DD-498F-9209-71192BFFBEE5} = {E194A189-46A7-44A9-9F9D-A4DAABBE17EB}
		{15959F04-EBA5-4A08-8EEB-8802FF41BCAC} = {418EFCAD-9EE6-409D-A08F-FCD8094CBCB9}
		{FF2F29C5-CC8B-4FD0-82AF-83B62C1E9577} = {15959F04-EBA5-4A08-8EEB-8802FF41BCAC}
		{9C363295-39EA-4060-9F44-F677E5C505DB} = {15959F04-EBA5-4A08-8EEB-8802FF41BCAC}
		{79096247-48BD-4259-AC24-AE4E5E99A415} = {418EFCAD-9EE6-409D-A08F-FCD8094CBCB9}
		{59BE1EF1-75B8-4B99-8B05-899A5A809EB2} = {79096247-48BD-4259-AC24-AE4E5E99A415}
		{DCBA9DDA-C37A-4DE8-AB0D-D63809F90D9D} = {418EFCAD-9EE6-409D-A08F-FCD8094CBCB9}
		{D129BCFD-6C6E-41DF-AD33-559F1A44B7B7} = {DCBA9DDA-C37A-4DE8-AB0D-D63809F90D9D}
		{870411E7-4C3F-4A80-A67D-C11883B9A269} = {DCBA9DDA-C37A-4DE8-AB0D-D63809F90D9D}
		{7B65301D-D21F-4C3F-BE19-270BC6E77159} = {DCBA9DDA-C37A-4DE8-AB0D-D63809F90D9D}
		{F8022D1A-BA93-4C5D-BF05-C8F963B23EA7} = {F59554F5-F97C-4BEF-B281-4DDB179C4385}
		{ED0C6EA4-D793-4918-9F08-45775A076191} = {DCBA9DDA-C37A-4DE8-AB0D-D63809F90D9D}
		{172151C5-6770-4AE8-A75F-B089A4CC4478} = {15959F04-EBA5-4A08-8EEB-8802FF41BCAC}
		{703CB4C6-D099-40F3-82B5-C6CB11EA1B09} = {F59554F5-F97C-4BEF-B281-4DDB179C4385}
	EndGlobalSection
	GlobalSection(ExtensibilityGlobals) = postSolution
		SolutionGuid = {4A9B2305-3FB8-45BE-9071-634135E3FADF}
	EndGlobalSection
EndGlobal
